
Microsoft Visual Studio Solution File, Format Version 12.00
# Visual Studio Version 17
VisualStudioVersion = 17.6.33723.286
MinimumVisualStudioVersion = 10.0.40219.1
Project("{FAE04EC0-301F-11D3-BF4B-00C04F79EFBC}") = "numerosInteiros", "numerosInteiros.csproj", "{5F16AA13-A5CD-45EC-AFFE-5DA9FF4E0037}"
EndProject
Global
	GlobalSection(SolutionConfigurationPlatforms) = preSolution
		Debug|Any CPU = Debug|Any CPU
		Release|Any CPU = Release|Any CPU
	EndGlobalSection
	GlobalSection(ProjectConfigurationPlatforms) = postSolution
		{5F16AA13-A5CD-45EC-AFFE-5DA9FF4E0037}.Debug|Any CPU.ActiveCfg = Debug|Any CPU
		{5F16AA13-A5CD-45EC-AFFE-5DA9FF4E0037}.Debug|Any CPU.Build.0 = Debug|Any CPU
		{5F16AA13-A5CD-45EC-AFFE-5DA9FF4E0037}.Release|Any CPU.ActiveCfg = Release|Any CPU
		{5F16AA13-A5CD-45EC-AFFE-5DA9FF4E0037}.Release|Any CPU.Build.0 = Release|Any CPU
	EndGlobalSection
	GlobalSection(SolutionProperties) = preSolution
		HideSolutionNode = FALSE
	EndGlobalSection
	GlobalSection(ExtensibilityGlobals) = postSolution
		SolutionGuid = {F40A8785-286D-4DEC-81A3-9BFE59DF2D01}
	EndGlobalSection
EndGlobal
