
Microsoft Visual Studio Solution File, Format Version 12.00
# Visual Studio Version 17
VisualStudioVersion = 17.6.33723.286
MinimumVisualStudioVersion = 10.0.40219.1
Project("{FAE04EC0-301F-11D3-BF4B-00C04F79EFBC}") = "Strings", "Strings.csproj", "{A8852C3D-B33B-498A-B40D-609AFA03E7CD}"
EndProject
Global
	GlobalSection(SolutionConfigurationPlatforms) = preSolution
		Debug|Any CPU = Debug|Any CPU
		Release|Any CPU = Release|Any CPU
	EndGlobalSection
	GlobalSection(ProjectConfigurationPlatforms) = postSolution
		{A8852C3D-B33B-498A-B40D-609AFA03E7CD}.Debug|Any CPU.ActiveCfg = Debug|Any CPU
		{A8852C3D-B33B-498A-B40D-609AFA03E7CD}.Debug|Any CPU.Build.0 = Debug|Any CPU
		{A8852C3D-B33B-498A-B40D-609AFA03E7CD}.Release|Any CPU.ActiveCfg = Release|Any CPU
		{A8852C3D-B33B-498A-B40D-609AFA03E7CD}.Release|Any CPU.Build.0 = Release|Any CPU
	EndGlobalSection
	GlobalSection(SolutionProperties) = preSolution
		HideSolutionNode = FALSE
	EndGlobalSection
	GlobalSection(ExtensibilityGlobals) = postSolution
		SolutionGuid = {68EBCB62-50F4-4CCE-807C-7C67B9D3F3E9}
	EndGlobalSection
EndGlobal
